{
  "nodes": {
    "mobile-nixos": {
      "flake": false,
      "locked": {
        "lastModified": 1783912271,
        "narHash": "sha256-CzwmiKxuh1u+H8hDnrVeUl/fL59PvsgLbr2l0FhqWK0=",
        "owner": "mobile-nixos",
        "repo": "mobile-nixos",
        "rev": "2c132754323fc1915e8d21dcfc0ef68ab084c6fb",
        "type": "github"
      },
      "original": {
        "owner": "mobile-nixos",
        "repo": "mobile-nixos",
        "type": "github"
      }
    },
    "nixpkgs": {
      "locked": {
        "lastModified": 1750506804,
        "narHash": "sha256-VLFNc4egNjovYVxDGyBYTrvVCgDYgENp5bVi9fPTDYc=",
        "owner": "NixOS",
        "repo": "nixpkgs",
        "rev": "4206c4cb56751df534751b058295ea61357bbbaa",
        "type": "github"
      },
      "original": {
        "owner": "NixOS",
        "ref": "nixos-unstable",
        "repo": "nixpkgs",
        "type": "github"
      }
    },
    "root": {
      "inputs": {
        "mobile-nixos": "mobile-nixos",
        "nixpkgs": "nixpkgs",
        "sdm845-linux": "sdm845-linux"
      }
    },
    "sdm845-linux": {
      "flake": false,
      "locked": {
        "lastModified": 1790883525,
        "narHash": "sha256-S2tNAb0dANRu9oRMYoumDO1u5zAkDXrM/kKwD9dwdnA=",
        "ref": "refs/heads/sdm845-next",
        "rev": "949f86c36a31d8619ea1b18ea82d099cd752e86b",
        "revCount": 1481942,
        "type": "git",
        "url": "https://codeberg.org/sdm845/linux"
      },
      "original": {
        "rev": "949f86c36a31d8619ea1b18ea82d099cd752e86b",
        "type": "git",
        "url": "https://codeberg.org/sdm845/linux"
      }
    }
  },
  "root": "root",
  "version": 7
}
